
Microsoft Visual Studio Solution File, Format Version 12.00
# Visual Studio Version 16
VisualStudioVersion = 16.0.30517.126
MinimumVisualStudioVersion = 10.0.40219.1
Project("{FAE04EC0-301F-11D3-BF4B-00C04F79EFBC}") = "PortScaner", "PortScaner\PortScaner.csproj", "{E5211EEC-D9C5-4D7B-A657-3C1C7CDCC07F}"
EndProject
Global
	GlobalSection(SolutionConfigurationPlatforms) = preSolution
		Debug|Any CPU = Debug|Any CPU
		Release|Any CPU = Release|Any CPU
	EndGlobalSection
	GlobalSection(ProjectConfigurationPlatforms) = postSolution
		{E5211EEC-D9C5-4D7B-A657-3C1C7CDCC07F}.Debug|Any CPU.ActiveCfg = Debug|Any CPU
		{E5211EEC-D9C5-4D7B-A657-3C1C7CDCC07F}.Debug|Any CPU.Build.0 = Debug|Any CPU
		{E5211EEC-D9C5-4D7B-A657-3C1C7CDCC07F}.Release|Any CPU.ActiveCfg = Release|Any CPU
		{E5211EEC-D9C5-4D7B-A657-3C1C7CDCC07F}.Release|Any CPU.Build.0 = Release|Any CPU
	EndGlobalSection
	GlobalSection(SolutionProperties) = preSolution
		HideSolutionNode = FALSE
	EndGlobalSection
	GlobalSection(ExtensibilityGlobals) = postSolution
		SolutionGuid = {08612A22-8084-4C04-812A-AFFF0A381953}
	EndGlobalSection
EndGlobal
